
Microsoft Visual Studio Solution File, Format Version 12.00
# Visual Studio 14
VisualStudioVersion = 14.0.25420.1
MinimumVisualStudioVersion = 10.0.40219.1
Project("{FAE04EC0-301F-11D3-BF4B-00C04F79EFBC}") = "Plugin.AppInfo", "AppInfo\Plugin.AppInfo\Plugin.AppInfo.csproj", "{A6FCEF44-D2BA-42C7-B3CB-13667BCD7B54}"
EndProject
Project("{FAE04EC0-301F-11D3-BF4B-00C04F79EFBC}") = "Plugin.AppInfo.Abstractions", "AppInfo\Plugin.AppInfo.Abstractions\Plugin.AppInfo.Abstractions.csproj", "{6EDB0588-FFC5-4EF5-8A99-9E241D0F878D}"
EndProject
Project("{FAE04EC0-301F-11D3-BF4B-00C04F79EFBC}") = "Plugin.AppInfo.iOS", "AppInfo\Plugin.AppInfo.iOS\Plugin.AppInfo.iOS.csproj", "{2882AEEB-D4CD-4EB9-8A6C-6653B33681F0}"
EndProject
Project("{FAE04EC0-301F-11D3-BF4B-00C04F79EFBC}") = "Plugin.AppInfo.Android", "AppInfo\Plugin.AppInfo.Android\Plugin.AppInfo.Android.csproj", "{56A56F17-7DE1-4CA1-9617-BF32E971AC84}"
EndProject
Project("{FAE04EC0-301F-11D3-BF4B-00C04F79EFBC}") = "Plugin.AppInfo.WindowsPhone8", "AppInfo\Plugin.AppInfo.WindowsPhone8\Plugin.AppInfo.WindowsPhone8.csproj", "{5876144B-47DD-4C4E-B421-BC03F191B996}"
EndProject
Project("{FAE04EC0-301F-11D3-BF4B-00C04F79EFBC}") = "Plugin.AppInfo.WindowsPhone81", "AppInfo\Plugin.AppInfo.WindowsPhone81\Plugin.AppInfo.WindowsPhone81.csproj", "{7169373F-0B82-4E5D-9129-7CC3065B90FA}"
EndProject
Project("{FAE04EC0-301F-11D3-BF4B-00C04F79EFBC}") = "Plugin.AppInfo.WindowsStore", "AppInfo\Plugin.AppInfo.WindowsStore\Plugin.AppInfo.WindowsStore.csproj", "{ED9A4CA1-C04C-457D-9A2E-7995CCF12356}"
EndProject
Project("{FAE04EC0-301F-11D3-BF4B-00C04F79EFBC}") = "Plugin.AppInfo.UWP", "AppInfo\Plugin.AppInfo.UWP\Plugin.AppInfo.UWP.csproj", "{E34B516D-C0D8-450F-9DB0-BB6A5B04AEF1}"
EndProject
Project("{FAE04EC0-301F-11D3-BF4B-00C04F79EFBC}") = "Plugin.AppInfo.WindowsDesktop", "AppInfo\Plugin.AppInfo.WindowsDesktop\Plugin.AppInfo.WindowsDesktop.csproj", "{201BF568-1095-41F6-BEEB-2D166DCC6089}"
EndProject
Project("{FAE04EC0-301F-11D3-BF4B-00C04F79EFBC}") = "Plugin.AppInfo.TestBase", "AppInfo\Plugin.AppInfo.TestBase\Plugin.AppInfo.TestBase.csproj", "{3AEFDDBF-6159-4A4F-9664-3281B33346F6}"
EndProject
Project("{FAE04EC0-301F-11D3-BF4B-00C04F79EFBC}") = "Plugin.AppInfo.WindowsDesktop.Test", "AppInfo\Plugin.AppInfo.WindowsDesktop.Test\Plugin.AppInfo.WindowsDesktop.Test.csproj", "{08D96038-F303-435D-A807-7D95603810AE}"
EndProject
Project("{FAE04EC0-301F-11D3-BF4B-00C04F79EFBC}") = "Plugin.AppInfo.UWP.Test", "AppInfo\Plugin.AppInfo.UWP.Test\Plugin.AppInfo.UWP.Test.csproj", "{E34C29EE-A4EC-46C8-862D-804C246C07D2}"
EndProject
Project("{2150E333-8FDC-42A3-9474-1A3956D46DE8}") = "Solution Items", "Solution Items", "{2EB880B9-BB6F-49A9-ACF1-CDE63193699A}"
	ProjectSection(SolutionItems) = preProject
		AppInfo.nuspec = AppInfo.nuspec
		Icon-master.pdn = Icon-master.pdn
		Icon.png = Icon.png
		license.txt = license.txt
		readme.md = readme.md
	EndProjectSection
EndProject
Global
	GlobalSection(SolutionConfigurationPlatforms) = preSolution
		Debug|Any CPU = Debug|Any CPU
		Debug|ARM = Debug|ARM
		Debug|x64 = Debug|x64
		Debug|x86 = Debug|x86
		Release|Any CPU = Release|Any CPU
		Release|ARM = Release|ARM
		Release|x64 = Release|x64
		Release|x86 = Release|x86
	EndGlobalSection
	GlobalSection(ProjectConfigurationPlatforms) = postSolution
		{A6FCEF44-D2BA-42C7-B3CB-13667BCD7B54}.Debug|Any CPU.ActiveCfg = Debug|Any CPU
		{A6FCEF44-D2BA-42C7-B3CB-13667BCD7B54}.Debug|Any CPU.Build.0 = Debug|Any CPU
		{A6FCEF44-D2BA-42C7-B3CB-13667BCD7B54}.Debug|ARM.ActiveCfg = Debug|Any CPU
		{A6FCEF44-D2BA-42C7-B3CB-13667BCD7B54}.Debug|ARM.Build.0 = Debug|Any CPU
		{A6FCEF44-D2BA-42C7-B3CB-13667BCD7B54}.Debug|x64.ActiveCfg = Debug|Any CPU
		{A6FCEF44-D2BA-42C7-B3CB-13667BCD7B54}.Debug|x64.Build.0 = Debug|Any CPU
		{A6FCEF44-D2BA-42C7-B3CB-13667BCD7B54}.Debug|x86.ActiveCfg = Debug|Any CPU
		{A6FCEF44-D2BA-42C7-B3CB-13667BCD7B54}.Debug|x86.Build.0 = Debug|Any CPU
		{A6FCEF44-D2BA-42C7-B3CB-13667BCD7B54}.Release|Any CPU.ActiveCfg = Release|Any CPU
		{A6FCEF44-D2BA-42C7-B3CB-13667BCD7B54}.Release|Any CPU.Build.0 = Release|Any CPU
		{A6FCEF44-D2BA-42C7-B3CB-13667BCD7B54}.Release|ARM.ActiveCfg = Release|Any CPU
		{A6FCEF44-D2BA-42C7-B3CB-13667BCD7B54}.Release|ARM.Build.0 = Release|Any CPU
		{A6FCEF44-D2BA-42C7-B3CB-13667BCD7B54}.Release|x64.ActiveCfg = Release|Any CPU
		{A6FCEF44-D2BA-42C7-B3CB-13667BCD7B54}.Release|x64.Build.0 = Release|Any CPU
		{A6FCEF44-D2BA-42C7-B3CB-13667BCD7B54}.Release|x86.ActiveCfg = Release|Any CPU
		{A6FCEF44-D2BA-42C7-B3CB-13667BCD7B54}.Release|x86.Build.0 = Release|Any CPU
		{6EDB0588-FFC5-4EF5-8A99-9E241D0F878D}.Debug|Any CPU.ActiveCfg = Debug|Any CPU
		{6EDB0588-FFC5-4EF5-8A99-9E241D0F878D}.Debug|Any CPU.Build.0 = Debug|Any CPU
		{6EDB0588-FFC5-4EF5-8A99-9E241D0F878D}.Debug|ARM.ActiveCfg = Debug|Any CPU
		{6EDB0588-FFC5-4EF5-8A99-9E241D0F878D}.Debug|ARM.Build.0 = Debug|Any CPU
		{6EDB0588-FFC5-4EF5-8A99-9E241D0F878D}.Debug|x64.ActiveCfg = Debug|Any CPU
		{6EDB0588-FFC5-4EF5-8A99-9E241D0F878D}.Debug|x64.Build.0 = Debug|Any CPU
		{6EDB0588-FFC5-4EF5-8A99-9E241D0F878D}.Debug|x86.ActiveCfg = Debug|Any CPU
		{6EDB0588-FFC5-4EF5-8A99-9E241D0F878D}.Debug|x86.Build.0 = Debug|Any CPU
		{6EDB0588-FFC5-4EF5-8A99-9E241D0F878D}.Release|Any CPU.ActiveCfg = Release|Any CPU
		{6EDB0588-FFC5-4EF5-8A99-9E241D0F878D}.Release|Any CPU.Build.0 = Release|Any CPU
		{6EDB0588-FFC5-4EF5-8A99-9E241D0F878D}.Release|ARM.ActiveCfg = Release|Any CPU
		{6EDB0588-FFC5-4EF5-8A99-9E241D0F878D}.Release|ARM.Build.0 = Release|Any CPU
		{6EDB0588-FFC5-4EF5-8A99-9E241D0F878D}.Release|x64.ActiveCfg = Release|Any CPU
		{6EDB0588-FFC5-4EF5-8A99-9E241D0F878D}.Release|x64.Build.0 = Release|Any CPU
		{6EDB0588-FFC5-4EF5-8A99-9E241D0F878D}.Release|x86.ActiveCfg = Release|Any CPU
		{6EDB0588-FFC5-4EF5-8A99-9E241D0F878D}.Release|x86.Build.0 = Release|Any CPU
		{2882AEEB-D4CD-4EB9-8A6C-6653B33681F0}.Debug|Any CPU.ActiveCfg = Debug|Any CPU
		{2882AEEB-D4CD-4EB9-8A6C-6653B33681F0}.Debug|Any CPU.Build.0 = Debug|Any CPU
		{2882AEEB-D4CD-4EB9-8A6C-6653B33681F0}.Debug|ARM.ActiveCfg = Debug|Any CPU
		{2882AEEB-D4CD-4EB9-8A6C-6653B33681F0}.Debug|ARM.Build.0 = Debug|Any CPU
		{2882AEEB-D4CD-4EB9-8A6C-6653B33681F0}.Debug|x64.ActiveCfg = Debug|Any CPU
		{2882AEEB-D4CD-4EB9-8A6C-6653B33681F0}.Debug|x64.Build.0 = Debug|Any CPU
		{2882AEEB-D4CD-4EB9-8A6C-6653B33681F0}.Debug|x86.ActiveCfg = Debug|Any CPU
		{2882AEEB-D4CD-4EB9-8A6C-6653B33681F0}.Debug|x86.Build.0 = Debug|Any CPU
		{2882AEEB-D4CD-4EB9-8A6C-6653B33681F0}.Release|Any CPU.ActiveCfg = Release|Any CPU
		{2882AEEB-D4CD-4EB9-8A6C-6653B33681F0}.Release|Any CPU.Build.0 = Release|Any CPU
		{2882AEEB-D4CD-4EB9-8A6C-6653B33681F0}.Release|ARM.ActiveCfg = Release|Any CPU
		{2882AEEB-D4CD-4EB9-8A6C-6653B33681F0}.Release|ARM.Build.0 = Release|Any CPU
		{2882AEEB-D4CD-4EB9-8A6C-6653B33681F0}.Release|x64.ActiveCfg = Release|Any CPU
		{2882AEEB-D4CD-4EB9-8A6C-6653B33681F0}.Release|x64.Build.0 = Release|Any CPU
		{2882AEEB-D4CD-4EB9-8A6C-6653B33681F0}.Release|x86.ActiveCfg = Release|Any CPU
		{2882AEEB-D4CD-4EB9-8A6C-6653B33681F0}.Release|x86.Build.0 = Release|Any CPU
		{56A56F17-7DE1-4CA1-9617-BF32E971AC84}.Debug|Any CPU.ActiveCfg = Debug|Any CPU
		{56A56F17-7DE1-4CA1-9617-BF32E971AC84}.Debug|Any CPU.Build.0 = Debug|Any CPU
		{56A56F17-7DE1-4CA1-9617-BF32E971AC84}.Debug|ARM.ActiveCfg = Debug|Any CPU
		{56A56F17-7DE1-4CA1-9617-BF32E971AC84}.Debug|ARM.Build.0 = Debug|Any CPU
		{56A56F17-7DE1-4CA1-9617-BF32E971AC84}.Debug|x64.ActiveCfg = Debug|Any CPU
		{56A56F17-7DE1-4CA1-9617-BF32E971AC84}.Debug|x64.Build.0 = Debug|Any CPU
		{56A56F17-7DE1-4CA1-9617-BF32E971AC84}.Debug|x86.ActiveCfg = Debug|Any CPU
		{56A56F17-7DE1-4CA1-9617-BF32E971AC84}.Debug|x86.Build.0 = Debug|Any CPU
		{56A56F17-7DE1-4CA1-9617-BF32E971AC84}.Release|Any CPU.ActiveCfg = Release|Any CPU
		{56A56F17-7DE1-4CA1-9617-BF32E971AC84}.Release|Any CPU.Build.0 = Release|Any CPU
		{56A56F17-7DE1-4CA1-9617-BF32E971AC84}.Release|ARM.ActiveCfg = Release|Any CPU
		{56A56F17-7DE1-4CA1-9617-BF32E971AC84}.Release|ARM.Build.0 = Release|Any CPU
		{56A56F17-7DE1-4CA1-9617-BF32E971AC84}.Release|x64.ActiveCfg = Release|Any CPU
		{56A56F17-7DE1-4CA1-9617-BF32E971AC84}.Release|x64.Build.0 = Release|Any CPU
		{56A56F17-7DE1-4CA1-9617-BF32E971AC84}.Release|x86.ActiveCfg = Release|Any CPU
		{56A56F17-7DE1-4CA1-9617-BF32E971AC84}.Release|x86.Build.0 = Release|Any CPU
		{5876144B-47DD-4C4E-B421-BC03F191B996}.Debug|Any CPU.ActiveCfg = Debug|Any CPU
		{5876144B-47DD-4C4E-B421-BC03F191B996}.Debug|Any CPU.Build.0 = Debug|Any CPU
		{5876144B-47DD-4C4E-B421-BC03F191B996}.Debug|ARM.ActiveCfg = Debug|ARM
		{5876144B-47DD-4C4E-B421-BC03F191B996}.Debug|ARM.Build.0 = Debug|ARM
		{5876144B-47DD-4C4E-B421-BC03F191B996}.Debug|x64.ActiveCfg = Debug|Any CPU
		{5876144B-47DD-4C4E-B421-BC03F191B996}.Debug|x64.Build.0 = Debug|Any CPU
		{5876144B-47DD-4C4E-B421-BC03F191B996}.Debug|x86.ActiveCfg = Debug|x86
		{5876144B-47DD-4C4E-B421-BC03F191B996}.Debug|x86.Build.0 = Debug|x86
		{5876144B-47DD-4C4E-B421-BC03F191B996}.Release|Any CPU.ActiveCfg = Release|Any CPU
		{5876144B-47DD-4C4E-B421-BC03F191B996}.Release|Any CPU.Build.0 = Release|Any CPU
		{5876144B-47DD-4C4E-B421-BC03F191B996}.Release|ARM.ActiveCfg = Release|ARM
		{5876144B-47DD-4C4E-B421-BC03F191B996}.Release|ARM.Build.0 = Release|ARM
		{5876144B-47DD-4C4E-B421-BC03F191B996}.Release|x64.ActiveCfg = Release|Any CPU
		{5876144B-47DD-4C4E-B421-BC03F191B996}.Release|x64.Build.0 = Release|Any CPU
		{5876144B-47DD-4C4E-B421-BC03F191B996}.Release|x86.ActiveCfg = Release|x86
		{5876144B-47DD-4C4E-B421-BC03F191B996}.Release|x86.Build.0 = Release|x86
		{7169373F-0B82-4E5D-9129-7CC3065B90FA}.Debug|Any CPU.ActiveCfg = Debug|Any CPU
		{7169373F-0B82-4E5D-9129-7CC3065B90FA}.Debug|Any CPU.Build.0 = Debug|Any CPU
		{7169373F-0B82-4E5D-9129-7CC3065B90FA}.Debug|ARM.ActiveCfg = Debug|ARM
		{7169373F-0B82-4E5D-9129-7CC3065B90FA}.Debug|ARM.Build.0 = Debug|ARM
		{7169373F-0B82-4E5D-9129-7CC3065B90FA}.Debug|x64.ActiveCfg = Debug|Any CPU
		{7169373F-0B82-4E5D-9129-7CC3065B90FA}.Debug|x64.Build.0 = Debug|Any CPU
		{7169373F-0B82-4E5D-9129-7CC3065B90FA}.Debug|x86.ActiveCfg = Debug|x86
		{7169373F-0B82-4E5D-9129-7CC3065B90FA}.Debug|x86.Build.0 = Debug|x86
		{7169373F-0B82-4E5D-9129-7CC3065B90FA}.Release|Any CPU.ActiveCfg = Release|Any CPU
		{7169373F-0B82-4E5D-9129-7CC3065B90FA}.Release|Any CPU.Build.0 = Release|Any CPU
		{7169373F-0B82-4E5D-9129-7CC3065B90FA}.Release|ARM.ActiveCfg = Release|ARM
		{7169373F-0B82-4E5D-9129-7CC3065B90FA}.Release|ARM.Build.0 = Release|ARM
		{7169373F-0B82-4E5D-9129-7CC3065B90FA}.Release|x64.ActiveCfg = Release|Any CPU
		{7169373F-0B82-4E5D-9129-7CC3065B90FA}.Release|x64.Build.0 = Release|Any CPU
		{7169373F-0B82-4E5D-9129-7CC3065B90FA}.Release|x86.ActiveCfg = Release|x86
		{7169373F-0B82-4E5D-9129-7CC3065B90FA}.Release|x86.Build.0 = Release|x86
		{ED9A4CA1-C04C-457D-9A2E-7995CCF12356}.Debug|Any CPU.ActiveCfg = Debug|Any CPU
		{ED9A4CA1-C04C-457D-9A2E-7995CCF12356}.Debug|Any CPU.Build.0 = Debug|Any CPU
		{ED9A4CA1-C04C-457D-9A2E-7995CCF12356}.Debug|ARM.ActiveCfg = Debug|ARM
		{ED9A4CA1-C04C-457D-9A2E-7995CCF12356}.Debug|ARM.Build.0 = Debug|ARM
		{ED9A4CA1-C04C-457D-9A2E-7995CCF12356}.Debug|x64.ActiveCfg = Debug|x64
		{ED9A4CA1-C04C-457D-9A2E-7995CCF12356}.Debug|x64.Build.0 = Debug|x64
		{ED9A4CA1-C04C-457D-9A2E-7995CCF12356}.Debug|x86.ActiveCfg = Debug|x86
		{ED9A4CA1-C04C-457D-9A2E-7995CCF12356}.Debug|x86.Build.0 = Debug|x86
		{ED9A4CA1-C04C-457D-9A2E-7995CCF12356}.Release|Any CPU.ActiveCfg = Release|Any CPU
		{ED9A4CA1-C04C-457D-9A2E-7995CCF12356}.Release|Any CPU.Build.0 = Release|Any CPU
		{ED9A4CA1-C04C-457D-9A2E-7995CCF12356}.Release|ARM.ActiveCfg = Release|ARM
		{ED9A4CA1-C04C-457D-9A2E-7995CCF12356}.Release|ARM.Build.0 = Release|ARM
		{ED9A4CA1-C04C-457D-9A2E-7995CCF12356}.Release|x64.ActiveCfg = Release|x64
		{ED9A4CA1-C04C-457D-9A2E-7995CCF12356}.Release|x64.Build.0 = Release|x64
		{ED9A4CA1-C04C-457D-9A2E-7995CCF12356}.Release|x86.ActiveCfg = Release|x86
		{ED9A4CA1-C04C-457D-9A2E-7995CCF12356}.Release|x86.Build.0 = Release|x86
		{E34B516D-C0D8-450F-9DB0-BB6A5B04AEF1}.Debug|Any CPU.ActiveCfg = Debug|Any CPU
		{E34B516D-C0D8-450F-9DB0-BB6A5B04AEF1}.Debug|Any CPU.Build.0 = Debug|Any CPU
		{E34B516D-C0D8-450F-9DB0-BB6A5B04AEF1}.Debug|ARM.ActiveCfg = Debug|ARM
		{E34B516D-C0D8-450F-9DB0-BB6A5B04AEF1}.Debug|ARM.Build.0 = Debug|ARM
		{E34B516D-C0D8-450F-9DB0-BB6A5B04AEF1}.Debug|x64.ActiveCfg = Debug|x64
		{E34B516D-C0D8-450F-9DB0-BB6A5B04AEF1}.Debug|x64.Build.0 = Debug|x64
		{E34B516D-C0D8-450F-9DB0-BB6A5B04AEF1}.Debug|x86.ActiveCfg = Debug|x86
		{E34B516D-C0D8-450F-9DB0-BB6A5B04AEF1}.Debug|x86.Build.0 = Debug|x86
		{E34B516D-C0D8-450F-9DB0-BB6A5B04AEF1}.Release|Any CPU.ActiveCfg = Release|Any CPU
		{E34B516D-C0D8-450F-9DB0-BB6A5B04AEF1}.Release|Any CPU.Build.0 = Release|Any CPU
		{E34B516D-C0D8-450F-9DB0-BB6A5B04AEF1}.Release|ARM.ActiveCfg = Release|ARM
		{E34B516D-C0D8-450F-9DB0-BB6A5B04AEF1}.Release|ARM.Build.0 = Release|ARM
		{E34B516D-C0D8-450F-9DB0-BB6A5B04AEF1}.Release|x64.ActiveCfg = Release|x64
		{E34B516D-C0D8-450F-9DB0-BB6A5B04AEF1}.Release|x64.Build.0 = Release|x64
		{E34B516D-C0D8-450F-9DB0-BB6A5B04AEF1}.Release|x86.ActiveCfg = Release|x86
		{E34B516D-C0D8-450F-9DB0-BB6A5B04AEF1}.Release|x86.Build.0 = Release|x86
		{201BF568-1095-41F6-BEEB-2D166DCC6089}.Debug|Any CPU.ActiveCfg = Debug|Any CPU
		{201BF568-1095-41F6-BEEB-2D166DCC6089}.Debug|Any CPU.Build.0 = Debug|Any CPU
		{201BF568-1095-41F6-BEEB-2D166DCC6089}.Debug|ARM.ActiveCfg = Debug|Any CPU
		{201BF568-1095-41F6-BEEB-2D166DCC6089}.Debug|ARM.Build.0 = Debug|Any CPU
		{201BF568-1095-41F6-BEEB-2D166DCC6089}.Debug|x64.ActiveCfg = Debug|Any CPU
		{201BF568-1095-41F6-BEEB-2D166DCC6089}.Debug|x64.Build.0 = Debug|Any CPU
		{201BF568-1095-41F6-BEEB-2D166DCC6089}.Debug|x86.ActiveCfg = Debug|Any CPU
		{201BF568-1095-41F6-BEEB-2D166DCC6089}.Debug|x86.Build.0 = Debug|Any CPU
		{201BF568-1095-41F6-BEEB-2D166DCC6089}.Release|Any CPU.ActiveCfg = Release|Any CPU
		{201BF568-1095-41F6-BEEB-2D166DCC6089}.Release|Any CPU.Build.0 = Release|Any CPU
		{201BF568-1095-41F6-BEEB-2D166DCC6089}.Release|ARM.ActiveCfg = Release|Any CPU
		{201BF568-1095-41F6-BEEB-2D166DCC6089}.Release|ARM.Build.0 = Release|Any CPU
		{201BF568-1095-41F6-BEEB-2D166DCC6089}.Release|x64.ActiveCfg = Release|Any CPU
		{201BF568-1095-41F6-BEEB-2D166DCC6089}.Release|x64.Build.0 = Release|Any CPU
		{201BF568-1095-41F6-BEEB-2D166DCC6089}.Release|x86.ActiveCfg = Release|Any CPU
		{201BF568-1095-41F6-BEEB-2D166DCC6089}.Release|x86.Build.0 = Release|Any CPU
		{3AEFDDBF-6159-4A4F-9664-3281B33346F6}.Debug|Any CPU.ActiveCfg = Debug|Any CPU
		{3AEFDDBF-6159-4A4F-9664-3281B33346F6}.Debug|Any CPU.Build.0 = Debug|Any CPU
		{3AEFDDBF-6159-4A4F-9664-3281B33346F6}.Debug|ARM.ActiveCfg = Debug|Any CPU
		{3AEFDDBF-6159-4A4F-9664-3281B33346F6}.Debug|ARM.Build.0 = Debug|Any CPU
		{3AEFDDBF-6159-4A4F-9664-3281B33346F6}.Debug|x64.ActiveCfg = Debug|Any CPU
		{3AEFDDBF-6159-4A4F-9664-3281B33346F6}.Debug|x64.Build.0 = Debug|Any CPU
		{3AEFDDBF-6159-4A4F-9664-3281B33346F6}.Debug|x86.ActiveCfg = Debug|Any CPU
		{3AEFDDBF-6159-4A4F-9664-3281B33346F6}.Debug|x86.Build.0 = Debug|Any CPU
		{3AEFDDBF-6159-4A4F-9664-3281B33346F6}.Release|Any CPU.ActiveCfg = Release|Any CPU
		{3AEFDDBF-6159-4A4F-9664-3281B33346F6}.Release|Any CPU.Build.0 = Release|Any CPU
		{3AEFDDBF-6159-4A4F-9664-3281B33346F6}.Release|ARM.ActiveCfg = Release|Any CPU
		{3AEFDDBF-6159-4A4F-9664-3281B33346F6}.Release|ARM.Build.0 = Release|Any CPU
		{3AEFDDBF-6159-4A4F-9664-3281B33346F6}.Release|x64.ActiveCfg = Release|Any CPU
		{3AEFDDBF-6159-4A4F-9664-3281B33346F6}.Release|x64.Build.0 = Release|Any CPU
		{3AEFDDBF-6159-4A4F-9664-3281B33346F6}.Release|x86.ActiveCfg = Release|Any CPU
		{3AEFDDBF-6159-4A4F-9664-3281B33346F6}.Release|x86.Build.0 = Release|Any CPU
		{08D96038-F303-435D-A807-7D95603810AE}.Debug|Any CPU.ActiveCfg = Debug|Any CPU
		{08D96038-F303-435D-A807-7D95603810AE}.Debug|Any CPU.Build.0 = Debug|Any CPU
		{08D96038-F303-435D-A807-7D95603810AE}.Debug|ARM.ActiveCfg = Debug|Any CPU
		{08D96038-F303-435D-A807-7D95603810AE}.Debug|ARM.Build.0 = Debug|Any CPU
		{08D96038-F303-435D-A807-7D95603810AE}.Debug|x64.ActiveCfg = Debug|Any CPU
		{08D96038-F303-435D-A807-7D95603810AE}.Debug|x64.Build.0 = Debug|Any CPU
		{08D96038-F303-435D-A807-7D95603810AE}.Debug|x86.ActiveCfg = Debug|Any CPU
		{08D96038-F303-435D-A807-7D95603810AE}.Debug|x86.Build.0 = Debug|Any CPU
		{08D96038-F303-435D-A807-7D95603810AE}.Release|Any CPU.ActiveCfg = Release|Any CPU
		{08D96038-F303-435D-A807-7D95603810AE}.Release|Any CPU.Build.0 = Release|Any CPU
		{08D96038-F303-435D-A807-7D95603810AE}.Release|ARM.ActiveCfg = Release|Any CPU
		{08D96038-F303-435D-A807-7D95603810AE}.Release|ARM.Build.0 = Release|Any CPU
		{08D96038-F303-435D-A807-7D95603810AE}.Release|x64.ActiveCfg = Release|Any CPU
		{08D96038-F303-435D-A807-7D95603810AE}.Release|x64.Build.0 = Release|Any CPU
		{08D96038-F303-435D-A807-7D95603810AE}.Release|x86.ActiveCfg = Release|Any CPU
		{08D96038-F303-435D-A807-7D95603810AE}.Release|x86.Build.0 = Release|Any CPU
		{E34C29EE-A4EC-46C8-862D-804C246C07D2}.Debug|Any CPU.ActiveCfg = Debug|x86
		{E34C29EE-A4EC-46C8-862D-804C246C07D2}.Debug|ARM.ActiveCfg = Debug|ARM
		{E34C29EE-A4EC-46C8-862D-804C246C07D2}.Debug|ARM.Build.0 = Debug|ARM
		{E34C29EE-A4EC-46C8-862D-804C246C07D2}.Debug|ARM.Deploy.0 = Debug|ARM
		{E34C29EE-A4EC-46C8-862D-804C246C07D2}.Debug|x64.ActiveCfg = Debug|x64
		{E34C29EE-A4EC-46C8-862D-804C246C07D2}.Debug|x64.Build.0 = Debug|x64
		{E34C29EE-A4EC-46C8-862D-804C246C07D2}.Debug|x64.Deploy.0 = Debug|x64
		{E34C29EE-A4EC-46C8-862D-804C246C07D2}.Debug|x86.ActiveCfg = Debug|x86
		{E34C29EE-A4EC-46C8-862D-804C246C07D2}.Debug|x86.Build.0 = Debug|x86
		{E34C29EE-A4EC-46C8-862D-804C246C07D2}.Debug|x86.Deploy.0 = Debug|x86
		{E34C29EE-A4EC-46C8-862D-804C246C07D2}.Release|Any CPU.ActiveCfg = Release|x86
		{E34C29EE-A4EC-46C8-862D-804C246C07D2}.Release|ARM.ActiveCfg = Release|ARM
		{E34C29EE-A4EC-46C8-862D-804C246C07D2}.Release|ARM.Build.0 = Release|ARM
		{E34C29EE-A4EC-46C8-862D-804C246C07D2}.Release|ARM.Deploy.0 = Release|ARM
		{E34C29EE-A4EC-46C8-862D-804C246C07D2}.Release|x64.ActiveCfg = Release|x64
		{E34C29EE-A4EC-46C8-862D-804C246C07D2}.Release|x64.Build.0 = Release|x64
		{E34C29EE-A4EC-46C8-862D-804C246C07D2}.Release|x64.Deploy.0 = Release|x64
		{E34C29EE-A4EC-46C8-862D-804C246C07D2}.Release|x86.ActiveCfg = Release|x86
		{E34C29EE-A4EC-46C8-862D-804C246C07D2}.Release|x86.Build.0 = Release|x86
		{E34C29EE-A4EC-46C8-862D-804C246C07D2}.Release|x86.Deploy.0 = Release|x86
	EndGlobalSection
	GlobalSection(SolutionProperties) = preSolution
		HideSolutionNode = FALSE
	EndGlobalSection
EndGlobal
